
Microsoft Visual Studio Solution File, Format Version 12.00
# Visual Studio Version 16
VisualStudioVersion = 16.0.29519.87
MinimumVisualStudioVersion = 10.0.40219.1
Project("{FAE04EC0-301F-11D3-BF4B-00C04F79EFBC}") = "CycleAPI", "CycleAPI\CycleAPI.csproj", "{F150F3B8-1438-4AA2-BA50-56E65526387A}"
EndProject
Global
	GlobalSection(SolutionConfigurationPlatforms) = preSolution
		Debug|Any CPU = Debug|Any CPU
		Release|Any CPU = Release|Any CPU
	EndGlobalSection
	GlobalSection(ProjectConfigurationPlatforms) = postSolution
		{F150F3B8-1438-4AA2-BA50-56E65526387A}.Debug|Any CPU.ActiveCfg = Debug|Any CPU
		{F150F3B8-1438-4AA2-BA50-56E65526387A}.Debug|Any CPU.Build.0 = Debug|Any CPU
		{F150F3B8-1438-4AA2-BA50-56E65526387A}.Release|Any CPU.ActiveCfg = Release|Any CPU
		{F150F3B8-1438-4AA2-BA50-56E65526387A}.Release|Any CPU.Build.0 = Release|Any CPU
	EndGlobalSection
	GlobalSection(SolutionProperties) = preSolution
		HideSolutionNode = FALSE
	EndGlobalSection
	GlobalSection(ExtensibilityGlobals) = postSolution
		SolutionGuid = {93299363-16F9-4B05-8B92-8AB9C60B9412}
	EndGlobalSection
EndGlobal
